# This file is autogenerated, do not edit; changes may be undone by the next 'dep ensure'.


[[projects]]
  digest = "1:2c0d38c0cc63b8e16067daffdfe05be8546a3c47b89c3de97f34e3314541f4cf"
  name = "github.com/go-redis/redis"
  packages = [
    ".",
    "internal",
    "internal/consistenthash",
    "internal/hashtag",
    "internal/pool",
    "internal/proto",
    "internal/util",
  ]
  pruneopts = ""
  revision = "99cd690a7019656b0b67c6664453f27a6d8a658e"
  version = "v6.15.7"

[[projects]]
  digest = "1:fbab76ba211c99fcd45a481a32530efc229f3510fd94889f361dcaf13ff05fe0"
  name = "github.com/gorilla/mux"
  packages = ["."]
  pruneopts = ""
  revision = "75dcda0896e109a2a22c9315bca3bb21b87b2ba5"
  version = "v1.7.4"

[[projects]]
  digest = "1:0f51cee70b0d254dbc93c22666ea2abf211af81c1701a96d04e2284b408621db"
  name = "github.com/konsorten/go-windows-terminal-sequences"
  packages = ["."]
  pruneopts = ""
  revision = "f55edac94c9bbba5d6182a4be46d86a2c9b5b50e"
  version = "v1.0.2"

[[projects]]
  digest = "1:5907d0ddc26b262088060c6d0fbfd1d07088e71b476dc16d26780c8e335bf088"
  name = "github.com/sirupsen/logrus"
  packages = ["."]
  pruneopts = ""
  revision = "d417be0fe654de640a82370515129985b407c7e3"
  version = "v1.5.0"

[[projects]]
  digest = "1:80cf22cc45eb6fdfce2515a2401b04bffa2be83261577761ab788688dad699a1"
  name = "github.com/urfave/negroni"
  packages = ["."]
  pruneopts = ""
  revision = "fde5e16d32adc7ad637e9cd9ad21d4ebc6192535"
  version = "v0.2.0"

[[projects]]
  branch = "master"
  digest = "1:fc246fd9c4ee7362b40563f3aca658dca6b56f95941f0999e484d6e47c766cec"
  name = "golang.org/x/sys"
  packages = ["unix"]
  pruneopts = ""
  revision = "59c9f1ba88faf592b225274f69c5ef1e4ebacf82"

[solve-meta]
  analyzer-name = "dep"
  analyzer-version = 1
  input-imports = [
    "github.com/go-redis/redis",
    "github.com/gorilla/mux",
    "github.com/sirupsen/logrus",
    "github.com/urfave/negroni",
  ]
  solver-name = "gps-cdcl"
  solver-version = 1
